
Microsoft Visual Studio Solution File, Format Version 12.00
Project("{FAE04EC0-301F-11D3-BF4B-00C04F79EFBC}") = "VirtualTicketing", "VirtualTicketing\VirtualTicketing.csproj", "{1FDBB4CF-4E00-4B17-B2A4-3604C2A10C21}"
EndProject
Global
	GlobalSection(SolutionConfigurationPlatforms) = preSolution
		Debug|Any CPU = Debug|Any CPU
		Release|Any CPU = Release|Any CPU
	EndGlobalSection
	GlobalSection(ProjectConfigurationPlatforms) = postSolution
		{1FDBB4CF-4E00-4B17-B2A4-3604C2A10C21}.Debug|Any CPU.ActiveCfg = Debug|Any CPU
		{1FDBB4CF-4E00-4B17-B2A4-3604C2A10C21}.Debug|Any CPU.Build.0 = Debug|Any CPU
		{1FDBB4CF-4E00-4B17-B2A4-3604C2A10C21}.Release|Any CPU.ActiveCfg = Release|Any CPU
		{1FDBB4CF-4E00-4B17-B2A4-3604C2A10C21}.Release|Any CPU.Build.0 = Release|Any CPU
	EndGlobalSection
EndGlobal
